
Microsoft Visual Studio Solution File, Format Version 12.00
# Visual Studio 2013
VisualStudioVersion = 12.0.30501.0
MinimumVisualStudioVersion = 10.0.40219.1
Project("{8BC9CEB8-8B4A-11D0-8D11-00A0C91BC942}") = "UdacityCuda", "UdacityCuda\UdacityCuda.vcxproj", "{2A5279A2-92A6-48CE-A835-F66F38EC13DB}"
EndProject
Project("{8BC9CEB8-8B4A-11D0-8D11-00A0C91BC942}") = "demo01", "demo01\demo01.vcxproj", "{7F802161-A16A-4650-ACE8-2B9B2FBEE6D9}"
EndProject
Global
	GlobalSection(SolutionConfigurationPlatforms) = preSolution
		Debug|Win32 = Debug|Win32
		Debug|x64 = Debug|x64
		Release|Win32 = Release|Win32
		Release|x64 = Release|x64
	EndGlobalSection
	GlobalSection(ProjectConfigurationPlatforms) = postSolution
		{2A5279A2-92A6-48CE-A835-F66F38EC13DB}.Debug|Win32.ActiveCfg = Debug|Win32
		{2A5279A2-92A6-48CE-A835-F66F38EC13DB}.Debug|Win32.Build.0 = Debug|Win32
		{2A5279A2-92A6-48CE-A835-F66F38EC13DB}.Debug|x64.ActiveCfg = Debug|x64
		{2A5279A2-92A6-48CE-A835-F66F38EC13DB}.Debug|x64.Build.0 = Debug|x64
		{2A5279A2-92A6-48CE-A835-F66F38EC13DB}.Release|Win32.ActiveCfg = Release|Win32
		{2A5279A2-92A6-48CE-A835-F66F38EC13DB}.Release|Win32.Build.0 = Release|Win32
		{2A5279A2-92A6-48CE-A835-F66F38EC13DB}.Release|x64.ActiveCfg = Release|x64
		{2A5279A2-92A6-48CE-A835-F66F38EC13DB}.Release|x64.Build.0 = Release|x64
		{7F802161-A16A-4650-ACE8-2B9B2FBEE6D9}.Debug|Win32.ActiveCfg = Debug|Win32
		{7F802161-A16A-4650-ACE8-2B9B2FBEE6D9}.Debug|Win32.Build.0 = Debug|Win32
		{7F802161-A16A-4650-ACE8-2B9B2FBEE6D9}.Debug|x64.ActiveCfg = Debug|x64
		{7F802161-A16A-4650-ACE8-2B9B2FBEE6D9}.Debug|x64.Build.0 = Debug|x64
		{7F802161-A16A-4650-ACE8-2B9B2FBEE6D9}.Release|Win32.ActiveCfg = Release|Win32
		{7F802161-A16A-4650-ACE8-2B9B2FBEE6D9}.Release|Win32.Build.0 = Release|Win32
		{7F802161-A16A-4650-ACE8-2B9B2FBEE6D9}.Release|x64.ActiveCfg = Release|x64
		{7F802161-A16A-4650-ACE8-2B9B2FBEE6D9}.Release|x64.Build.0 = Release|x64
	EndGlobalSection
	GlobalSection(SolutionProperties) = preSolution
		HideSolutionNode = FALSE
	EndGlobalSection
EndGlobal
